<Solution>
  <Folder Name="/src/">
    <Project Path="src/ProductManagement.Application/ProductManagement.Application.csproj" />
    <Project Path="src/ProductManagement.Domain/ProductManagement.Domain.csproj" />
    <Project Path="src/ProductManagement.Functions/ProductManagement.Functions.csproj" />
    <Project Path="src/ProductManagement.Infrastructure/ProductManagement.Infrastructure.csproj" />
  </Folder>
  <Folder Name="/tests/">
    <Project Path="tests/ProductManagement.Tests/ProductManagement.Tests.csproj" />
  </Folder>
</Solution>
